
Microsoft Visual Studio Solution File, Format Version 12.00
# Visual Studio Version 16
VisualStudioVersion = 16.0.29926.136
MinimumVisualStudioVersion = 10.0.40219.1
Project("{FAE04EC0-301F-11D3-BF4B-00C04F79EFBC}") = "Data", "Sys10.Data\Data.csproj", "{653781A2-F4DC-4A99-91F7-E72191658275}"
EndProject
Project("{9A19103F-16F7-4668-BE54-9A1E7A4F7556}") = "Api", "Sys10.Api\Api.csproj", "{8F0CD588-6FD4-4ADC-8120-1B42EC89BAC6}"
EndProject
Project("{FAE04EC0-301F-11D3-BF4B-00C04F79EFBC}") = "Services", "Sys10.Services\Services.csproj", "{E6951C3F-14FF-4896-A2E8-4C1F951019A7}"
EndProject
Project("{FAE04EC0-301F-11D3-BF4B-00C04F79EFBC}") = "Services.Test", "Sys10.Services.Test\Services.Test.csproj", "{7ABFA3BE-EF1A-4305-8A65-0489D23B63EC}"
EndProject
Global
	GlobalSection(SolutionConfigurationPlatforms) = preSolution
		Debug|Any CPU = Debug|Any CPU
		Release|Any CPU = Release|Any CPU
	EndGlobalSection
	GlobalSection(ProjectConfigurationPlatforms) = postSolution
		{653781A2-F4DC-4A99-91F7-E72191658275}.Debug|Any CPU.ActiveCfg = Debug|Any CPU
		{653781A2-F4DC-4A99-91F7-E72191658275}.Debug|Any CPU.Build.0 = Debug|Any CPU
		{653781A2-F4DC-4A99-91F7-E72191658275}.Release|Any CPU.ActiveCfg = Release|Any CPU
		{653781A2-F4DC-4A99-91F7-E72191658275}.Release|Any CPU.Build.0 = Release|Any CPU
		{8F0CD588-6FD4-4ADC-8120-1B42EC89BAC6}.Debug|Any CPU.ActiveCfg = Debug|Any CPU
		{8F0CD588-6FD4-4ADC-8120-1B42EC89BAC6}.Debug|Any CPU.Build.0 = Debug|Any CPU
		{8F0CD588-6FD4-4ADC-8120-1B42EC89BAC6}.Release|Any CPU.ActiveCfg = Release|Any CPU
		{8F0CD588-6FD4-4ADC-8120-1B42EC89BAC6}.Release|Any CPU.Build.0 = Release|Any CPU
		{E6951C3F-14FF-4896-A2E8-4C1F951019A7}.Debug|Any CPU.ActiveCfg = Debug|Any CPU
		{E6951C3F-14FF-4896-A2E8-4C1F951019A7}.Debug|Any CPU.Build.0 = Debug|Any CPU
		{E6951C3F-14FF-4896-A2E8-4C1F951019A7}.Release|Any CPU.ActiveCfg = Release|Any CPU
		{E6951C3F-14FF-4896-A2E8-4C1F951019A7}.Release|Any CPU.Build.0 = Release|Any CPU
		{7ABFA3BE-EF1A-4305-8A65-0489D23B63EC}.Debug|Any CPU.ActiveCfg = Debug|Any CPU
		{7ABFA3BE-EF1A-4305-8A65-0489D23B63EC}.Debug|Any CPU.Build.0 = Debug|Any CPU
		{7ABFA3BE-EF1A-4305-8A65-0489D23B63EC}.Release|Any CPU.ActiveCfg = Release|Any CPU
		{7ABFA3BE-EF1A-4305-8A65-0489D23B63EC}.Release|Any CPU.Build.0 = Release|Any CPU
	EndGlobalSection
	GlobalSection(SolutionProperties) = preSolution
		HideSolutionNode = FALSE
	EndGlobalSection
	GlobalSection(ExtensibilityGlobals) = postSolution
		SolutionGuid = {764579A4-47ED-4ECD-8A3C-FCE5F3D39A92}
	EndGlobalSection
EndGlobal
